{
  "name": "gacha-domain",
  "lockfileVersion": 3,
  "requires": true,
  "packages": {
    "": {
      "dependencies": {
        "dexie": "^4.0.8"
      }
    },
    "node_modules/dexie": {
      "version": "4.0.8",
      "resolved": "https://registry.npmjs.org/dexie/-/dexie-4.0.8.tgz",
      "integrity": "sha512-1G6cJevS17KMDK847V3OHvK2zei899GwpDiqfEXHP1ASvme6eWJmAp9AU4s1son2TeGkWmC0g3y8ezOBPnalgQ=="
    }
  }
}
